// !$*UTF8*$!
{
	archiveVersion = 1;
	classes = {
	};
	objectVersion = 55;
	objects = {

/* Begin PBXBuildFile section */
		6329567927C73E3B001BCC24 /* AppDelegate.m in Sources */ = {isa = PBXBuildFile; fileRef = 6329567827C73E3B001BCC24 /* AppDelegate.m */; };
		6329567C27C73E3B001BCC24 /* SceneDelegate.m in Sources */ = {isa = PBXBuildFile; fileRef = 6329567B27C73E3B001BCC24 /* SceneDelegate.m */; };
		6329567F27C73E3B001BCC24 /* ViewController.m in Sources */ = {isa = PBXBuildFile; fileRef = 6329567E27C73E3B001BCC24 /* ViewController.m */; };
		6329568227C73E3B001BCC24 /* Main.storyboard in Resources */ = {isa = PBXBuildFile; fileRef = 6329568027C73E3B001BCC24 /* Main.storyboard */; };
		6329568427C73E3E001BCC24 /* Assets.xcassets in Resources */ = {isa = PBXBuildFile; fileRef = 6329568327C73E3E001BCC24 /* Assets.xcassets */; };
		6329568727C73E3E001BCC24 /* LaunchScreen.storyboard in Resources */ = {isa = PBXBuildFile; fileRef = 6329568527C73E3E001BCC24 /* LaunchScreen.storyboard */; };
		6329568A27C73E3E001BCC24 /* main.m in Sources */ = {isa = PBXBuildFile; fileRef = 6329568927C73E3E001BCC24 /* main.m */; };
		6329569327C73E87001BCC24 /* DVVGradientView.m in Sources */ = {isa = PBXBuildFile; fileRef = 6329569227C73E87001BCC24 /* DVVGradientView.m */; };
		6329569627C7709A001BCC24 /* LeftToRightViewController.m in Sources */ = {isa = PBXBuildFile; fileRef = 6329569527C7709A001BCC24 /* LeftToRightViewController.m */; };
		6329569927C776D8001BCC24 /* TopToBottomViewController.m in Sources */ = {isa = PBXBuildFile; fileRef = 6329569827C776D8001BCC24 /* TopToBottomViewController.m */; };
		6329569C27C778D9001BCC24 /* LeftTopToRightBottomViewController.m in Sources */ = {isa = PBXBuildFile; fileRef = 6329569B27C778D9001BCC24 /* LeftTopToRightBottomViewController.m */; };
		6329569F27C77945001BCC24 /* LeftBottomToRightTopViewController.m in Sources */ = {isa = PBXBuildFile; fileRef = 6329569E27C77945001BCC24 /* LeftBottomToRightTopViewController.m */; };
/* End PBXBuildFile section */

/* Begin PBXFileReference section */
		6329567427C73E3B001BCC24 /* DVVGradientView.app */ = {isa = PBXFileReference; explicitFileType = wrapper.application; includeInIndex = 0; path = DVVGradientView.app; sourceTree = BUILT_PRODUCTS_DIR; };
		6329567727C73E3B001BCC24 /* AppDelegate.h */ = {isa = PBXFileReference; lastKnownFileType = sourcecode.c.h; path = AppDelegate.h; sourceTree = "<group>"; };
		6329567827C73E3B001BCC24 /* AppDelegate.m */ = {isa = PBXFileReference; lastKnownFileType = sourcecode.c.objc; path = AppDelegate.m; sourceTree = "<group>"; };
		6329567A27C73E3B001BCC24 /* SceneDelegate.h */ = {isa = PBXFileReference; lastKnownFileType = sourcecode.c.h; path = SceneDelegate.h; sourceTree = "<group>"; };
		6329567B27C73E3B001BCC24 /* SceneDelegate.m */ = {isa = PBXFileReference; lastKnownFileType = sourcecode.c.objc; path = SceneDelegate.m; sourceTree = "<group>"; };
		6329567D27C73E3B001BCC24 /* ViewController.h */ = {isa = PBXFileReference; lastKnownFileType = sourcecode.c.h; path = ViewController.h; sourceTree = "<group>"; };
		6329567E27C73E3B001BCC24 /* ViewController.m */ = {isa = PBXFileReference; lastKnownFileType = sourcecode.c.objc; path = ViewController.m; sourceTree = "<group>"; };
		6329568127C73E3B001BCC24 /* Base */ = {isa = PBXFileReference; lastKnownFileType = file.storyboard; name = Base; path = Base.lproj/Main.storyboard; sourceTree = "<group>"; };
		6329568327C73E3E001BCC24 /* Assets.xcassets */ = {isa = PBXFileReference; lastKnownFileType = folder.assetcatalog; path = Assets.xcassets; sourceTree = "<group>"; };
		6329568627C73E3E001BCC24 /* Base */ = {isa = PBXFileReference; lastKnownFileType = file.storyboard; name = Base; path = Base.lproj/LaunchScreen.storyboard; sourceTree = "<group>"; };
		6329568827C73E3E001BCC24 /* Info.plist */ = {isa = PBXFileReference; lastKnownFileType = text.plist.xml; path = Info.plist; sourceTree = "<group>"; };
		6329568927C73E3E001BCC24 /* main.m */ = {isa = PBXFileReference; lastKnownFileType = sourcecode.c.objc; path = main.m; sourceTree = "<group>"; };
		6329569127C73E87001BCC24 /* DVVGradientView.h */ = {isa = PBXFileReference; lastKnownFileType = sourcecode.c.h; path = DVVGradientView.h; sourceTree = "<group>"; };
		6329569227C73E87001BCC24 /* DVVGradientView.m */ = {isa = PBXFileReference; lastKnownFileType = sourcecode.c.objc; path = DVVGradientView.m; sourceTree = "<group>"; };
		6329569427C7709A001BCC24 /* LeftToRightViewController.h */ = {isa = PBXFileReference; lastKnownFileType = sourcecode.c.h; path = LeftToRightViewController.h; sourceTree = "<group>"; };
		6329569527C7709A001BCC24 /* LeftToRightViewController.m */ = {isa = PBXFileReference; lastKnownFileType = sourcecode.c.objc; path = LeftToRightViewController.m; sourceTree = "<group>"; };
		6329569727C776D8001BCC24 /* TopToBottomViewController.h */ = {isa = PBXFileReference; lastKnownFileType = sourcecode.c.h; path = TopToBottomViewController.h; sourceTree = "<group>"; };
		6329569827C776D8001BCC24 /* TopToBottomViewController.m */ = {isa = PBXFileReference; lastKnownFileType = sourcecode.c.objc; path = TopToBottomViewController.m; sourceTree = "<group>"; };
		6329569A27C778D9001BCC24 /* LeftTopToRightBottomViewController.h */ = {isa = PBXFileReference; lastKnownFileType = sourcecode.c.h; path = LeftTopToRightBottomViewController.h; sourceTree = "<group>"; };
		6329569B27C778D9001BCC24 /* LeftTopToRightBottomViewController.m */ = {isa = PBXFileReference; lastKnownFileType = sourcecode.c.objc; path = LeftTopToRightBottomViewController.m; sourceTree = "<group>"; };
		6329569D27C77945001BCC24 /* LeftBottomToRightTopViewController.h */ = {isa = PBXFileReference; lastKnownFileType = sourcecode.c.h; path = LeftBottomToRightTopViewController.h; sourceTree = "<group>"; };
		6329569E27C77945001BCC24 /* LeftBottomToRightTopViewController.m */ = {isa = PBXFileReference; lastKnownFileType = sourcecode.c.objc; path = LeftBottomToRightTopViewController.m; sourceTree = "<group>"; };
/* End PBXFileReference section */

/* Begin PBXFrameworksBuildPhase section */
		6329567127C73E3B001BCC24 /* Frameworks */ = {
			isa = PBXFrameworksBuildPhase;
			buildActionMask = 2147483647;
			files = (
			);
			runOnlyForDeploymentPostprocessing = 0;
		};
/* End PBXFrameworksBuildPhase section */

/* Begin PBXGroup section */
		6329566B27C73E3B001BCC24 = {
			isa = PBXGroup;
			children = (
				6329567627C73E3B001BCC24 /* DVVGradientView */,
				6329567527C73E3B001BCC24 /* Products */,
			);
			sourceTree = "<group>";
		};
		6329567527C73E3B001BCC24 /* Products */ = {
			isa = PBXGroup;
			children = (
				6329567427C73E3B001BCC24 /* DVVGradientView.app */,
			);
			name = Products;
			sourceTree = "<group>";
		};
		6329567627C73E3B001BCC24 /* DVVGradientView */ = {
			isa = PBXGroup;
			children = (
				6329569027C73E5D001BCC24 /* DVVGradientView */,
				6329567727C73E3B001BCC24 /* AppDelegate.h */,
				6329567827C73E3B001BCC24 /* AppDelegate.m */,
				6329567A27C73E3B001BCC24 /* SceneDelegate.h */,
				6329567B27C73E3B001BCC24 /* SceneDelegate.m */,
				6329567D27C73E3B001BCC24 /* ViewController.h */,
				6329567E27C73E3B001BCC24 /* ViewController.m */,
				6329569727C776D8001BCC24 /* TopToBottomViewController.h */,
				6329569827C776D8001BCC24 /* TopToBottomViewController.m */,
				6329569427C7709A001BCC24 /* LeftToRightViewController.h */,
				6329569527C7709A001BCC24 /* LeftToRightViewController.m */,
				6329569A27C778D9001BCC24 /* LeftTopToRightBottomViewController.h */,
				6329569B27C778D9001BCC24 /* LeftTopToRightBottomViewController.m */,
				6329569D27C77945001BCC24 /* LeftBottomToRightTopViewController.h */,
				6329569E27C77945001BCC24 /* LeftBottomToRightTopViewController.m */,
				6329568027C73E3B001BCC24 /* Main.storyboard */,
				6329568327C73E3E001BCC24 /* Assets.xcassets */,
				6329568527C73E3E001BCC24 /* LaunchScreen.storyboard */,
				6329568827C73E3E001BCC24 /* Info.plist */,
				6329568927C73E3E001BCC24 /* main.m */,
			);
			path = DVVGradientView;
			sourceTree = "<group>";
		};
		6329569027C73E5D001BCC24 /* DVVGradientView */ = {
			isa = PBXGroup;
			children = (
				6329569127C73E87001BCC24 /* DVVGradientView.h */,
				6329569227C73E87001BCC24 /* DVVGradientView.m */,
			);
			path = DVVGradientView;
			sourceTree = "<group>";
		};
/* End PBXGroup section */

/* Begin PBXNativeTarget section */
		6329567327C73E3B001BCC24 /* DVVGradientView */ = {
			isa = PBXNativeTarget;
			buildConfigurationList = 6329568D27C73E3E001BCC24 /* Build configuration list for PBXNativeTarget "DVVGradientView" */;
			buildPhases = (
				6329567027C73E3B001BCC24 /* Sources */,
				6329567127C73E3B001BCC24 /* Frameworks */,
				6329567227C73E3B001BCC24 /* Resources */,
			);
			buildRules = (
			);
			dependencies = (
			);
			name = DVVGradientView;
			productName = DVVGradientView;
			productReference = 6329567427C73E3B001BCC24 /* DVVGradientView.app */;
			productType = "com.apple.product-type.application";
		};
/* End PBXNativeTarget section */

/* Begin PBXProject section */
		6329566C27C73E3B001BCC24 /* Project object */ = {
			isa = PBXProject;
			attributes = {
				BuildIndependentTargetsInParallel = 1;
				LastUpgradeCheck = 1320;
				TargetAttributes = {
					6329567327C73E3B001BCC24 = {
						CreatedOnToolsVersion = 13.2.1;
					};
				};
			};
			buildConfigurationList = 6329566F27C73E3B001BCC24 /* Build configuration list for PBXProject "DVVGradientView" */;
			compatibilityVersion = "Xcode 13.0";
			developmentRegion = en;
			hasScannedForEncodings = 0;
			knownRegions = (
				en,
				Base,
			);
			mainGroup = 6329566B27C73E3B001BCC24;
			productRefGroup = 6329567527C73E3B001BCC24 /* Products */;
			projectDirPath = "";
			projectRoot = "";
			targets = (
				6329567327C73E3B001BCC24 /* DVVGradientView */,
			);
		};
/* End PBXProject section */

/* Begin PBXResourcesBuildPhase section */
		6329567227C73E3B001BCC24 /* Resources */ = {
			isa = PBXResourcesBuildPhase;
			buildActionMask = 2147483647;
			files = (
				6329568727C73E3E001BCC24 /* LaunchScreen.storyboard in Resources */,
				6329568427C73E3E001BCC24 /* Assets.xcassets in Resources */,
				6329568227C73E3B001BCC24 /* Main.storyboard in Resources */,
			);
			runOnlyForDeploymentPostprocessing = 0;
		};
/* End PBXResourcesBuildPhase section */

/* Begin PBXSourcesBuildPhase section */
		6329567027C73E3B001BCC24 /* Sources */ = {
			isa = PBXSourcesBuildPhase;
			buildActionMask = 2147483647;
			files = (
				6329569F27C77945001BCC24 /* LeftBottomToRightTopViewController.m in Sources */,
				6329567F27C73E3B001BCC24 /* ViewController.m in Sources */,
				6329567927C73E3B001BCC24 /* AppDelegate.m in Sources */,
				6329569C27C778D9001BCC24 /* LeftTopToRightBottomViewController.m in Sources */,
				6329569327C73E87001BCC24 /* DVVGradientView.m in Sources */,
				6329568A27C73E3E001BCC24 /* main.m in Sources */,
				6329567C27C73E3B001BCC24 /* SceneDelegate.m in Sources */,
				6329569627C7709A001BCC24 /* LeftToRightViewController.m in Sources */,
				6329569927C776D8001BCC24 /* TopToBottomViewController.m in Sources */,
			);
			runOnlyForDeploymentPostprocessing = 0;
		};
/* End PBXSourcesBuildPhase section */

/* Begin PBXVariantGroup section */
		6329568027C73E3B001BCC24 /* Main.storyboard */ = {
			isa = PBXVariantGroup;
			children = (
				6329568127C73E3B001BCC24 /* Base */,
			);
			name = Main.storyboard;
			sourceTree = "<group>";
		};
		6329568527C73E3E001BCC24 /* LaunchScreen.storyboard */ = {
			isa = PBXVariantGroup;
			children = (
				6329568627C73E3E001BCC24 /* Base */,
			);
			name = LaunchScreen.storyboard;
			sourceTree = "<group>";
		};
/* End PBXVariantGroup section */

/* Begin XCBuildConfiguration section */
		6329568B27C73E3E001BCC24 /* Debug */ = {
			isa = XCBuildConfiguration;
			buildSettings = {
				ALWAYS_SEARCH_USER_PATHS = NO;
				CLANG_ANALYZER_NONNULL = YES;
				CLANG_ANALYZER_NUMBER_OBJECT_CONVERSION = YES_AGGRESSIVE;
				CLANG_CXX_LANGUAGE_STANDARD = "gnu++17";
				CLANG_CXX_LIBRARY = "libc++";
				CLANG_ENABLE_MODULES = YES;
				CLANG_ENABLE_OBJC_ARC = YES;
				CLANG_ENABLE_OBJC_WEAK = YES;
				CLANG_WARN_BLOCK_CAPTURE_AUTORELEASING = YES;
				CLANG_WARN_BOOL_CONVERSION = YES;
				CLANG_WARN_COMMA = YES;
				CLANG_WARN_CONSTANT_CONVERSION = YES;
				CLANG_WARN_DEPRECATED_OBJC_IMPLEMENTATIONS = YES;
				CLANG_WARN_DIRECT_OBJC_ISA_USAGE = YES_ERROR;
				CLANG_WARN_DOCUMENTATION_COMMENTS = YES;
				CLANG_WARN_EMPTY_BODY = YES;
				CLANG_WARN_ENUM_CONVERSION = YES;
				CLANG_WARN_INFINITE_RECURSION = YES;
				CLANG_WARN_INT_CONVERSION = YES;
				CLANG_WARN_NON_LITERAL_NULL_CONVERSION = YES;
				CLANG_WARN_OBJC_IMPLICIT_RETAIN_SELF = YES;
				CLANG_WARN_OBJC_LITERAL_CONVERSION = YES;
				CLANG_WARN_OBJC_ROOT_CLASS = YES_ERROR;
				CLANG_WARN_QUOTED_INCLUDE_IN_FRAMEWORK_HEADER = YES;
				CLANG_WARN_RANGE_LOOP_ANALYSIS = YES;
				CLANG_WARN_STRICT_PROTOTYPES = YES;
				CLANG_WARN_SUSPICIOUS_MOVE = YES;
				CLANG_WARN_UNGUARDED_AVAILABILITY = YES_AGGRESSIVE;
				CLANG_WARN_UNREACHABLE_CODE = YES;
				CLANG_WARN__DUPLICATE_METHOD_MATCH = YES;
				COPY_PHASE_STRIP = NO;
				DEBUG_INFORMATION_FORMAT = dwarf;
				ENABLE_STRICT_OBJC_MSGSEND = YES;
				ENABLE_TESTABILITY = YES;
				GCC_C_LANGUAGE_STANDARD = gnu11;
				GCC_DYNAMIC_NO_PIC = NO;
				GCC_NO_COMMON_BLOCKS = YES;
				GCC_OPTIMIZATION_LEVEL = 0;
				GCC_PREPROCESSOR_DEFINITIONS = (
					"DEBUG=1",
					"$(inherited)",
				);
				GCC_WARN_64_TO_32_BIT_CONVERSION = YES;
				GCC_WARN_ABOUT_RETURN_TYPE = YES_ERROR;
				GCC_WARN_UNDECLARED_SELECTOR = YES;
				GCC_WARN_UNINITIALIZED_AUTOS = YES_AGGRESSIVE;
				GCC_WARN_UNUSED_FUNCTION = YES;
				GCC_WARN_UNUSED_VARIABLE = YES;
				IPHONEOS_DEPLOYMENT_TARGET = 15.2;
				MTL_ENABLE_DEBUG_INFO = INCLUDE_SOURCE;
				MTL_FAST_MATH = YES;
				ONLY_ACTIVE_ARCH = YES;
				SDKROOT = iphoneos;
			};
			name = Debug;
		};
		6329568C27C73E3E001BCC24 /* Release */ = {
			isa = XCBuildConfiguration;
			buildSettings = {
				ALWAYS_SEARCH_USER_PATHS = NO;
				CLANG_ANALYZER_NONNULL = YES;
				CLANG_ANALYZER_NUMBER_OBJECT_CONVERSION = YES_AGGRESSIVE;
				CLANG_CXX_LANGUAGE_STANDARD = "gnu++17";
				CLANG_CXX_LIBRARY = "libc++";
				CLANG_ENABLE_MODULES = YES;
				CLANG_ENABLE_OBJC_ARC = YES;
				CLANG_ENABLE_OBJC_WEAK = YES;
				CLANG_WARN_BLOCK_CAPTURE_AUTORELEASING = YES;
				CLANG_WARN_BOOL_CONVERSION = YES;
				CLANG_WARN_COMMA = YES;
				CLANG_WARN_CONSTANT_CONVERSION = YES;
				CLANG_WARN_DEPRECATED_OBJC_IMPLEMENTATIONS = YES;
				CLANG_WARN_DIRECT_OBJC_ISA_USAGE = YES_ERROR;
				CLANG_WARN_DOCUMENTATION_COMMENTS = YES;
				CLANG_WARN_EMPTY_BODY = YES;
				CLANG_WARN_ENUM_CONVERSION = YES;
				CLANG_WARN_INFINITE_RECURSION = YES;
				CLANG_WARN_INT_CONVERSION = YES;
				CLANG_WARN_NON_LITERAL_NULL_CONVERSION = YES;
				CLANG_WARN_OBJC_IMPLICIT_RETAIN_SELF = YES;
				CLANG_WARN_OBJC_LITERAL_CONVERSION = YES;
				CLANG_WARN_OBJC_ROOT_CLASS = YES_ERROR;
				CLANG_WARN_QUOTED_INCLUDE_IN_FRAMEWORK_HEADER = YES;
				CLANG_WARN_RANGE_LOOP_ANALYSIS = YES;
				CLANG_WARN_STRICT_PROTOTYPES = YES;
				CLANG_WARN_SUSPICIOUS_MOVE = YES;
				CLANG_WARN_UNGUARDED_AVAILABILITY = YES_AGGRESSIVE;
				CLANG_WARN_UNREACHABLE_CODE = YES;
				CLANG_WARN__DUPLICATE_METHOD_MATCH = YES;
				COPY_PHASE_STRIP = NO;
				DEBUG_INFORMATION_FORMAT = "dwarf-with-dsym";
				ENABLE_NS_ASSERTIONS = NO;
				ENABLE_STRICT_OBJC_MSGSEND = YES;
				GCC_C_LANGUAGE_STANDARD = gnu11;
				GCC_NO_COMMON_BLOCKS = YES;
				GCC_WARN_64_TO_32_BIT_CONVERSION = YES;
				GCC_WARN_ABOUT_RETURN_TYPE = YES_ERROR;
				GCC_WARN_UNDECLARED_SELECTOR = YES;
				GCC_WARN_UNINITIALIZED_AUTOS = YES_AGGRESSIVE;
				GCC_WARN_UNUSED_FUNCTION = YES;
				GCC_WARN_UNUSED_VARIABLE = YES;
				IPHONEOS_DEPLOYMENT_TARGET = 15.2;
				MTL_ENABLE_DEBUG_INFO = NO;
				MTL_FAST_MATH = YES;
				SDKROOT = iphoneos;
				VALIDATE_PRODUCT = YES;
			};
			name = Release;
		};
		6329568E27C73E3E001BCC24 /* Debug */ = {
			isa = XCBuildConfiguration;
			buildSettings = {
				ASSETCATALOG_COMPILER_APPICON_NAME = AppIcon;
				ASSETCATALOG_COMPILER_GLOBAL_ACCENT_COLOR_NAME = AccentColor;
				CODE_SIGN_STYLE = Automatic;
				CURRENT_PROJECT_VERSION = 1;
				GENERATE_INFOPLIST_FILE = YES;
				INFOPLIST_FILE = DVVGradientView/Info.plist;
				INFOPLIST_KEY_UIApplicationSupportsIndirectInputEvents = YES;
				INFOPLIST_KEY_UILaunchStoryboardName = LaunchScreen;
				INFOPLIST_KEY_UIMainStoryboardFile = Main;
				INFOPLIST_KEY_UISupportedInterfaceOrientations_iPad = "UIInterfaceOrientationPortrait UIInterfaceOrientationPortraitUpsideDown UIInterfaceOrientationLandscapeLeft UIInterfaceOrientationLandscapeRight";
				INFOPLIST_KEY_UISupportedInterfaceOrientations_iPhone = "UIInterfaceOrientationPortrait UIInterfaceOrientationLandscapeLeft UIInterfaceOrientationLandscapeRight";
				IPHONEOS_DEPLOYMENT_TARGET = 11.0;
				LD_RUNPATH_SEARCH_PATHS = (
					"$(inherited)",
					"@executable_path/Frameworks",
				);
				MARKETING_VERSION = 1.0;
				PRODUCT_BUNDLE_IDENTIFIER = com.devdawei.DVVGradientView;
				PRODUCT_NAME = "$(TARGET_NAME)";
				SWIFT_EMIT_LOC_STRINGS = YES;
				TARGETED_DEVICE_FAMILY = "1,2";
			};
			name = Debug;
		};
		6329568F27C73E3E001BCC24 /* Release */ = {
			isa = XCBuildConfiguration;
			buildSettings = {
				ASSETCATALOG_COMPILER_APPICON_NAME = AppIcon;
				ASSETCATALOG_COMPILER_GLOBAL_ACCENT_COLOR_NAME = AccentColor;
				CODE_SIGN_STYLE = Automatic;
				CURRENT_PROJECT_VERSION = 1;
				GENERATE_INFOPLIST_FILE = YES;
				INFOPLIST_FILE = DVVGradientView/Info.plist;
				INFOPLIST_KEY_UIApplicationSupportsIndirectInputEvents = YES;
				INFOPLIST_KEY_UILaunchStoryboardName = LaunchScreen;
				INFOPLIST_KEY_UIMainStoryboardFile = Main;
				INFOPLIST_KEY_UISupportedInterfaceOrientations_iPad = "UIInterfaceOrientationPortrait UIInterfaceOrientationPortraitUpsideDown UIInterfaceOrientationLandscapeLeft UIInterfaceOrientationLandscapeRight";
				INFOPLIST_KEY_UISupportedInterfaceOrientations_iPhone = "UIInterfaceOrientationPortrait UIInterfaceOrientationLandscapeLeft UIInterfaceOrientationLandscapeRight";
				IPHONEOS_DEPLOYMENT_TARGET = 11.0;
				LD_RUNPATH_SEARCH_PATHS = (
					"$(inherited)",
					"@executable_path/Frameworks",
				);
				MARKETING_VERSION = 1.0;
				PRODUCT_BUNDLE_IDENTIFIER = com.devdawei.DVVGradientView;
				PRODUCT_NAME = "$(TARGET_NAME)";
				SWIFT_EMIT_LOC_STRINGS = YES;
				TARGETED_DEVICE_FAMILY = "1,2";
			};
			name = Release;
		};
/* End XCBuildConfiguration section */

/* Begin XCConfigurationList section */
		6329566F27C73E3B001BCC24 /* Build configuration list for PBXProject "DVVGradientView" */ = {
			isa = XCConfigurationList;
			buildConfigurations = (
				6329568B27C73E3E001BCC24 /* Debug */,
				6329568C27C73E3E001BCC24 /* Release */,
			);
			defaultConfigurationIsVisible = 0;
			defaultConfigurationName = Release;
		};
		6329568D27C73E3E001BCC24 /* Build configuration list for PBXNativeTarget "DVVGradientView" */ = {
			isa = XCConfigurationList;
			buildConfigurations = (
				6329568E27C73E3E001BCC24 /* Debug */,
				6329568F27C73E3E001BCC24 /* Release */,
			);
			defaultConfigurationIsVisible = 0;
			defaultConfigurationName = Release;
		};
/* End XCConfigurationList section */
	};
	rootObject = 6329566C27C73E3B001BCC24 /* Project object */;
}
